
Microsoft Visual Studio Solution File, Format Version 12.00
# Visual Studio Version 16
VisualStudioVersion = 16.0.32228.343
MinimumVisualStudioVersion = 10.0.40219.1
Project("{FAE04EC0-301F-11D3-BF4B-00C04F79EFBC}") = "soal1", "soal1\soal1.csproj", "{D77E2599-34CD-4687-A330-521A611EE19F}"
EndProject
Global
	GlobalSection(SolutionConfigurationPlatforms) = preSolution
		Debug|Any CPU = Debug|Any CPU
		Release|Any CPU = Release|Any CPU
	EndGlobalSection
	GlobalSection(ProjectConfigurationPlatforms) = postSolution
		{D77E2599-34CD-4687-A330-521A611EE19F}.Debug|Any CPU.ActiveCfg = Debug|Any CPU
		{D77E2599-34CD-4687-A330-521A611EE19F}.Debug|Any CPU.Build.0 = Debug|Any CPU
		{D77E2599-34CD-4687-A330-521A611EE19F}.Release|Any CPU.ActiveCfg = Release|Any CPU
		{D77E2599-34CD-4687-A330-521A611EE19F}.Release|Any CPU.Build.0 = Release|Any CPU
	EndGlobalSection
	GlobalSection(SolutionProperties) = preSolution
		HideSolutionNode = FALSE
	EndGlobalSection
	GlobalSection(ExtensibilityGlobals) = postSolution
		SolutionGuid = {B58A3507-FBB5-4995-AEFE-AE5B3B8AFBAB}
	EndGlobalSection
EndGlobal
