
Microsoft Visual Studio Solution File, Format Version 12.00
# Visual Studio Version 16
VisualStudioVersion = 16.0.32228.343
MinimumVisualStudioVersion = 10.0.40219.1
Project("{FAE04EC0-301F-11D3-BF4B-00C04F79EFBC}") = "soal2", "soal2\soal2.csproj", "{509721A6-4016-46B5-8F5E-FA8819B9EAB1}"
EndProject
Global
	GlobalSection(SolutionConfigurationPlatforms) = preSolution
		Debug|Any CPU = Debug|Any CPU
		Release|Any CPU = Release|Any CPU
	EndGlobalSection
	GlobalSection(ProjectConfigurationPlatforms) = postSolution
		{509721A6-4016-46B5-8F5E-FA8819B9EAB1}.Debug|Any CPU.ActiveCfg = Debug|Any CPU
		{509721A6-4016-46B5-8F5E-FA8819B9EAB1}.Debug|Any CPU.Build.0 = Debug|Any CPU
		{509721A6-4016-46B5-8F5E-FA8819B9EAB1}.Release|Any CPU.ActiveCfg = Release|Any CPU
		{509721A6-4016-46B5-8F5E-FA8819B9EAB1}.Release|Any CPU.Build.0 = Release|Any CPU
	EndGlobalSection
	GlobalSection(SolutionProperties) = preSolution
		HideSolutionNode = FALSE
	EndGlobalSection
	GlobalSection(ExtensibilityGlobals) = postSolution
		SolutionGuid = {289BE787-DF01-4EA2-B39D-5BEE953307DD}
	EndGlobalSection
EndGlobal
