
Microsoft Visual Studio Solution File, Format Version 12.00
# Visual Studio Version 16
VisualStudioVersion = 16.0.32228.343
MinimumVisualStudioVersion = 10.0.40219.1
Project("{FAE04EC0-301F-11D3-BF4B-00C04F79EFBC}") = "soal2", "soal2\soal2.csproj", "{098F5945-1625-42C2-8692-AE04080D5BFE}"
EndProject
Global
	GlobalSection(SolutionConfigurationPlatforms) = preSolution
		Debug|Any CPU = Debug|Any CPU
		Release|Any CPU = Release|Any CPU
	EndGlobalSection
	GlobalSection(ProjectConfigurationPlatforms) = postSolution
		{098F5945-1625-42C2-8692-AE04080D5BFE}.Debug|Any CPU.ActiveCfg = Debug|Any CPU
		{098F5945-1625-42C2-8692-AE04080D5BFE}.Debug|Any CPU.Build.0 = Debug|Any CPU
		{098F5945-1625-42C2-8692-AE04080D5BFE}.Release|Any CPU.ActiveCfg = Release|Any CPU
		{098F5945-1625-42C2-8692-AE04080D5BFE}.Release|Any CPU.Build.0 = Release|Any CPU
	EndGlobalSection
	GlobalSection(SolutionProperties) = preSolution
		HideSolutionNode = FALSE
	EndGlobalSection
	GlobalSection(ExtensibilityGlobals) = postSolution
		SolutionGuid = {2480DFC8-2696-45D5-B762-C57C4AF74063}
	EndGlobalSection
EndGlobal
